
Microsoft Visual Studio Solution File, Format Version 12.00
# Visual Studio Version 17
VisualStudioVersion = 17.4.33122.133
MinimumVisualStudioVersion = 10.0.40219.1
Project("{FAE04EC0-301F-11D3-BF4B-00C04F79EFBC}") = "party", "party\party.csproj", "{DF8A6470-FDEB-4476-AB60-6432838F583B}"
EndProject
Global
	GlobalSection(SolutionConfigurationPlatforms) = preSolution
		Debug|Any CPU = Debug|Any CPU
		Release|Any CPU = Release|Any CPU
	EndGlobalSection
	GlobalSection(ProjectConfigurationPlatforms) = postSolution
		{DF8A6470-FDEB-4476-AB60-6432838F583B}.Debug|Any CPU.ActiveCfg = Debug|Any CPU
		{DF8A6470-FDEB-4476-AB60-6432838F583B}.Debug|Any CPU.Build.0 = Debug|Any CPU
		{DF8A6470-FDEB-4476-AB60-6432838F583B}.Release|Any CPU.ActiveCfg = Release|Any CPU
		{DF8A6470-FDEB-4476-AB60-6432838F583B}.Release|Any CPU.Build.0 = Release|Any CPU
	EndGlobalSection
	GlobalSection(SolutionProperties) = preSolution
		HideSolutionNode = FALSE
	EndGlobalSection
	GlobalSection(ExtensibilityGlobals) = postSolution
		SolutionGuid = {A32F548F-0943-4070-A7DB-1EF823FF9831}
	EndGlobalSection
EndGlobal
